Microsoft Visual Studio Solution File, Format Version 12.00
# Visual Studio Version 17
VisualStudioVersion = 17.5.2.0
MinimumVisualStudioVersion = 10.0.40219.1
Project("{FAE04EC0-301F-11D3-BF4B-00C04F79EFBC}") = "L-Connect", "L-Connect.csproj", "{4517E0D9-3A00-5E36-9B28-E0981CEF6417}"
EndProject
Global
	GlobalSection(SolutionConfigurationPlatforms) = preSolution
		Debug|Any CPU = Debug|Any CPU
		Release|Any CPU = Release|Any CPU
	EndGlobalSection
	GlobalSection(ProjectConfigurationPlatforms) = postSolution
		{4517E0D9-3A00-5E36-9B28-E0981CEF6417}.Debug|Any CPU.ActiveCfg = Debug|Any CPU
		{4517E0D9-3A00-5E36-9B28-E0981CEF6417}.Debug|Any CPU.Build.0 = Debug|Any CPU
		{4517E0D9-3A00-5E36-9B28-E0981CEF6417}.Release|Any CPU.ActiveCfg = Release|Any CPU
		{4517E0D9-3A00-5E36-9B28-E0981CEF6417}.Release|Any CPU.Build.0 = Release|Any CPU
	EndGlobalSection
	GlobalSection(SolutionProperties) = preSolution
		HideSolutionNode = FALSE
	EndGlobalSection
	GlobalSection(ExtensibilityGlobals) = postSolution
		SolutionGuid = {5EF4E264-61FD-4491-B846-3225EDB1D0A8}
	EndGlobalSection
EndGlobal
